
Microsoft Visual Studio Solution File, Format Version 12.00
# Visual Studio Version 17
VisualStudioVersion = 17.2.32630.192
MinimumVisualStudioVersion = 10.0.40219.1
Project("{FAE04EC0-301F-11D3-BF4B-00C04F79EFBC}") = "FoodCorner.ConsoleApp", "FoodCorner.ConsoleApp\FoodCorner.ConsoleApp.csproj", "{3F7E0CA4-E957-4C62-B059-02DBECEFD915}"
EndProject
Project("{FAE04EC0-301F-11D3-BF4B-00C04F79EFBC}") = "FoodiesCorner.Backend", "FoodiesCorner.Backend\FoodiesCorner.Backend.csproj", "{0986C91F-A397-48D2-A231-8A412ED1D367}"
EndProject
Project("{FAE04EC0-301F-11D3-BF4B-00C04F79EFBC}") = "ConsoleApp1", "ConsoleApp1\ConsoleApp1.csproj", "{70D73B66-9FC7-42E7-AB60-1225AF5FC98D}"
EndProject
Project("{FAE04EC0-301F-11D3-BF4B-00C04F79EFBC}") = "class", "class\class.csproj", "{054DAA43-2928-47CF-97EC-E7B8C98731D7}"
EndProject
Global
	GlobalSection(SolutionConfigurationPlatforms) = preSolution
		Debug|Any CPU = Debug|Any CPU
		Release|Any CPU = Release|Any CPU
	EndGlobalSection
	GlobalSection(ProjectConfigurationPlatforms) = postSolution
		{3F7E0CA4-E957-4C62-B059-02DBECEFD915}.Debug|Any CPU.ActiveCfg = Debug|Any CPU
		{3F7E0CA4-E957-4C62-B059-02DBECEFD915}.Debug|Any CPU.Build.0 = Debug|Any CPU
		{3F7E0CA4-E957-4C62-B059-02DBECEFD915}.Release|Any CPU.ActiveCfg = Release|Any CPU
		{3F7E0CA4-E957-4C62-B059-02DBECEFD915}.Release|Any CPU.Build.0 = Release|Any CPU
		{0986C91F-A397-48D2-A231-8A412ED1D367}.Debug|Any CPU.ActiveCfg = Debug|Any CPU
		{0986C91F-A397-48D2-A231-8A412ED1D367}.Debug|Any CPU.Build.0 = Debug|Any CPU
		{0986C91F-A397-48D2-A231-8A412ED1D367}.Release|Any CPU.ActiveCfg = Release|Any CPU
		{0986C91F-A397-48D2-A231-8A412ED1D367}.Release|Any CPU.Build.0 = Release|Any CPU
		{70D73B66-9FC7-42E7-AB60-1225AF5FC98D}.Debug|Any CPU.ActiveCfg = Debug|Any CPU
		{70D73B66-9FC7-42E7-AB60-1225AF5FC98D}.Debug|Any CPU.Build.0 = Debug|Any CPU
		{70D73B66-9FC7-42E7-AB60-1225AF5FC98D}.Release|Any CPU.ActiveCfg = Release|Any CPU
		{70D73B66-9FC7-42E7-AB60-1225AF5FC98D}.Release|Any CPU.Build.0 = Release|Any CPU
		{054DAA43-2928-47CF-97EC-E7B8C98731D7}.Debug|Any CPU.ActiveCfg = Debug|Any CPU
		{054DAA43-2928-47CF-97EC-E7B8C98731D7}.Debug|Any CPU.Build.0 = Debug|Any CPU
		{054DAA43-2928-47CF-97EC-E7B8C98731D7}.Release|Any CPU.ActiveCfg = Release|Any CPU
		{054DAA43-2928-47CF-97EC-E7B8C98731D7}.Release|Any CPU.Build.0 = Release|Any CPU
	EndGlobalSection
	GlobalSection(SolutionProperties) = preSolution
		HideSolutionNode = FALSE
	EndGlobalSection
	GlobalSection(ExtensibilityGlobals) = postSolution
		SolutionGuid = {A9D68127-2C79-4796-A90E-9EF052C30D6C}
	EndGlobalSection
EndGlobal
